// !$*UTF8*$!
{
	archiveVersion = 1;
	classes = {
	};
	objectVersion = 46;
	objects = {

/* Begin PBXBuildFile section */
		10AB28AA1A908EE800CE545D /* AFHTTPRequestOperation.m in Sources */ = {isa = PBXBuildFile; fileRef = 10AB28861A908EE800CE545D /* AFHTTPRequestOperation.m */; };
		10AB28AB1A908EE800CE545D /* AFHTTPRequestOperationManager.m in Sources */ = {isa = PBXBuildFile; fileRef = 10AB28881A908EE800CE545D /* AFHTTPRequestOperationManager.m */; };
		10AB28AC1A908EE800CE545D /* AFHTTPSessionManager.m in Sources */ = {isa = PBXBuildFile; fileRef = 10AB288A1A908EE800CE545D /* AFHTTPSessionManager.m */; };
		10AB28AD1A908EE800CE545D /* AFNetworkReachabilityManager.m in Sources */ = {isa = PBXBuildFile; fileRef = 10AB288D1A908EE800CE545D /* AFNetworkReachabilityManager.m */; };
		10AB28AE1A908EE800CE545D /* AFSecurityPolicy.m in Sources */ = {isa = PBXBuildFile; fileRef = 10AB288F1A908EE800CE545D /* AFSecurityPolicy.m */; };
		10AB28AF1A908EE800CE545D /* AFURLConnectionOperation.m in Sources */ = {isa = PBXBuildFile; fileRef = 10AB28911A908EE800CE545D /* AFURLConnectionOperation.m */; };
		10AB28B01A908EE800CE545D /* AFURLRequestSerialization.m in Sources */ = {isa = PBXBuildFile; fileRef = 10AB28931A908EE800CE545D /* AFURLRequestSerialization.m */; };
		10AB28B11A908EE800CE545D /* AFURLResponseSerialization.m in Sources */ = {isa = PBXBuildFile; fileRef = 10AB28951A908EE800CE545D /* AFURLResponseSerialization.m */; };
		10AB28B21A908EE800CE545D /* AFURLSessionManager.m in Sources */ = {isa = PBXBuildFile; fileRef = 10AB28971A908EE800CE545D /* AFURLSessionManager.m */; };
		10AB28B31A908EE800CE545D /* AFNetworkActivityIndicatorManager.m in Sources */ = {isa = PBXBuildFile; fileRef = 10AB289A1A908EE800CE545D /* AFNetworkActivityIndicatorManager.m */; };
		10AB28B41A908EE800CE545D /* UIActivityIndicatorView+AFNetworking.m in Sources */ = {isa = PBXBuildFile; fileRef = 10AB289C1A908EE800CE545D /* UIActivityIndicatorView+AFNetworking.m */; };
		10AB28B51A908EE800CE545D /* UIAlertView+AFNetworking.m in Sources */ = {isa = PBXBuildFile; fileRef = 10AB289E1A908EE800CE545D /* UIAlertView+AFNetworking.m */; };
		10AB28B61A908EE800CE545D /* UIButton+AFNetworking.m in Sources */ = {isa = PBXBuildFile; fileRef = 10AB28A01A908EE800CE545D /* UIButton+AFNetworking.m */; };
		10AB28B71A908EE800CE545D /* UIImageView+AFNetworking.m in Sources */ = {isa = PBXBuildFile; fileRef = 10AB28A21A908EE800CE545D /* UIImageView+AFNetworking.m */; };
		10AB28B81A908EE800CE545D /* UIProgressView+AFNetworking.m in Sources */ = {isa = PBXBuildFile; fileRef = 10AB28A51A908EE800CE545D /* UIProgressView+AFNetworking.m */; };
		10AB28B91A908EE800CE545D /* UIRefreshControl+AFNetworking.m in Sources */ = {isa = PBXBuildFile; fileRef = 10AB28A71A908EE800CE545D /* UIRefreshControl+AFNetworking.m */; };
		10AB28BA1A908EE800CE545D /* UIWebView+AFNetworking.m in Sources */ = {isa = PBXBuildFile; fileRef = 10AB28A91A908EE800CE545D /* UIWebView+AFNetworking.m */; };
		10AB28D21A908F3F00CE545D /* City.m in Sources */ = {isa = PBXBuildFile; fileRef = 10AB28BD1A908F3F00CE545D /* City.m */; };
		10AB28D31A908F3F00CE545D /* Clouds.m in Sources */ = {isa = PBXBuildFile; fileRef = 10AB28BF1A908F3F00CE545D /* Clouds.m */; };
		10AB28D41A908F3F00CE545D /* Coord.m in Sources */ = {isa = PBXBuildFile; fileRef = 10AB28C11A908F3F00CE545D /* Coord.m */; };
		10AB28D51A908F3F00CE545D /* CurrentConditions.m in Sources */ = {isa = PBXBuildFile; fileRef = 10AB28C31A908F3F00CE545D /* CurrentConditions.m */; };
		10AB28D61A908F3F00CE545D /* CurrentWeatherData.m in Sources */ = {isa = PBXBuildFile; fileRef = 10AB28C51A908F3F00CE545D /* CurrentWeatherData.m */; };
		10AB28D71A908F3F00CE545D /* MainInfo.m in Sources */ = {isa = PBXBuildFile; fileRef = 10AB28C71A908F3F00CE545D /* MainInfo.m */; };
		10AB28D81A908F3F00CE545D /* Sys.m in Sources */ = {isa = PBXBuildFile; fileRef = 10AB28C91A908F3F00CE545D /* Sys.m */; };
		10AB28D91A908F3F00CE545D /* Temp.m in Sources */ = {isa = PBXBuildFile; fileRef = 10AB28CB1A908F3F00CE545D /* Temp.m */; };
		10AB28DA1A908F3F00CE545D /* Weather.m in Sources */ = {isa = PBXBuildFile; fileRef = 10AB28CD1A908F3F00CE545D /* Weather.m */; };
		10AB28DB1A908F3F00CE545D /* WeatherInfo.m in Sources */ = {isa = PBXBuildFile; fileRef = 10AB28CF1A908F3F00CE545D /* WeatherInfo.m */; };
		10AB28DC1A908F3F00CE545D /* Wind.m in Sources */ = {isa = PBXBuildFile; fileRef = 10AB28D11A908F3F00CE545D /* Wind.m */; };
		10AB28DF1A908FA400CE545D /* Networking.m in Sources */ = {isa = PBXBuildFile; fileRef = 10AB28DE1A908FA400CE545D /* Networking.m */; };
		10E1F5321A908C3200AED5D6 /* main.m in Sources */ = {isa = PBXBuildFile; fileRef = 10E1F5311A908C3200AED5D6 /* main.m */; };
		10E1F5351A908C3200AED5D6 /* AppDelegate.m in Sources */ = {isa = PBXBuildFile; fileRef = 10E1F5341A908C3200AED5D6 /* AppDelegate.m */; };
		10E1F5381A908C3200AED5D6 /* ViewController.m in Sources */ = {isa = PBXBuildFile; fileRef = 10E1F5371A908C3200AED5D6 /* ViewController.m */; };
		10E1F53D1A908C3200AED5D6 /* Images.xcassets in Resources */ = {isa = PBXBuildFile; fileRef = 10E1F53C1A908C3200AED5D6 /* Images.xcassets */; };
		10E1F54C1A908C3200AED5D6 /* YXMWeatherTests.m in Sources */ = {isa = PBXBuildFile; fileRef = 10E1F54B1A908C3200AED5D6 /* YXMWeatherTests.m */; };
/* End PBXBuildFile section */

/* Begin PBXContainerItemProxy section */
		10E1F5461A908C3200AED5D6 /* PBXContainerItemProxy */ = {
			isa = PBXContainerItemProxy;
			containerPortal = 10E1F5241A908C3200AED5D6 /* Project object */;
			proxyType = 1;
			remoteGlobalIDString = 10E1F52B1A908C3200AED5D6;
			remoteInfo = YXMWeather;
		};
/* End PBXContainerItemProxy section */

/* Begin PBXFileReference section */
		10AB28831A908ECC00CE545D /* AFNetworking.pch */ = {isa = PBXFileReference; fileEncoding = 4; lastKnownFileType = sourcecode.c.h; path = AFNetworking.pch; sourceTree = "<group>"; };
		10AB28851A908EE800CE545D /* AFHTTPRequestOperation.h */ = {isa = PBXFileReference; fileEncoding = 4; lastKnownFileType = sourcecode.c.h; path = AFHTTPRequestOperation.h; sourceTree = "<group>"; };
		10AB28861A908EE800CE545D /* AFHTTPRequestOperation.m */ = {isa = PBXFileReference; fileEncoding = 4; lastKnownFileType = sourcecode.c.objc; path = AFHTTPRequestOperation.m; sourceTree = "<group>"; };
		10AB28871A908EE800CE545D /* AFHTTPRequestOperationManager.h */ = {isa = PBXFileReference; fileEncoding = 4; lastKnownFileType = sourcecode.c.h; path = AFHTTPRequestOperationManager.h; sourceTree = "<group>"; };
		10AB28881A908EE800CE545D /* AFHTTPRequestOperationManager.m */ = {isa = PBXFileReference; fileEncoding = 4; lastKnownFileType = sourcecode.c.objc; path = AFHTTPRequestOperationManager.m; sourceTree = "<group>"; };
		10AB28891A908EE800CE545D /* AFHTTPSessionManager.h */ = {isa = PBXFileReference; fileEncoding = 4; lastKnownFileType = sourcecode.c.h; path = AFHTTPSessionManager.h; sourceTree = "<group>"; };
		10AB288A1A908EE800CE545D /* AFHTTPSessionManager.m */ = {isa = PBXFileReference; fileEncoding = 4; lastKnownFileType = sourcecode.c.objc; path = AFHTTPSessionManager.m; sourceTree = "<group>"; };
		10AB288B1A908EE800CE545D /* AFNetworking.h */ = {isa = PBXFileReference; fileEncoding = 4; lastKnownFileType = sourcecode.c.h; path = AFNetworking.h; sourceTree = "<group>"; };
		10AB288C1A908EE800CE545D /* AFNetworkReachabilityManager.h */ = {isa = PBXFileReference; fileEncoding = 4; lastKnownFileType = sourcecode.c.h; path = AFNetworkReachabilityManager.h; sourceTree = "<group>"; };
		10AB288D1A908EE800CE545D /* AFNetworkReachabilityManager.m */ = {isa = PBXFileReference; fileEncoding = 4; lastKnownFileType = sourcecode.c.objc; path = AFNetworkReachabilityManager.m; sourceTree = "<group>"; };
		10AB288E1A908EE800CE545D /* AFSecurityPolicy.h */ = {isa = PBXFileReference; fileEncoding = 4; lastKnownFileType = sourcecode.c.h; path = AFSecurityPolicy.h; sourceTree = "<group>"; };
		10AB288F1A908EE800CE545D /* AFSecurityPolicy.m */ = {isa = PBXFileReference; fileEncoding = 4; lastKnownFileType = sourcecode.c.objc; path = AFSecurityPolicy.m; sourceTree = "<group>"; };
		10AB28901A908EE800CE545D /* AFURLConnectionOperation.h */ = {isa = PBXFileReference; fileEncoding = 4; lastKnownFileType = sourcecode.c.h; path = AFURLConnectionOperation.h; sourceTree = "<group>"; };
		10AB28911A908EE800CE545D /* AFURLConnectionOperation.m */ = {isa = PBXFileReference; fileEncoding = 4; lastKnownFileType = sourcecode.c.objc; path = AFURLConnectionOperation.m; sourceTree = "<group>"; };
		10AB28921A908EE800CE545D /* AFURLRequestSerialization.h */ = {isa = PBXFileReference; fileEncoding = 4; lastKnownFileType = sourcecode.c.h; path = AFURLRequestSerialization.h; sourceTree = "<group>"; };
		10AB28931A908EE800CE545D /* AFURLRequestSerialization.m */ = {isa = PBXFileReference; fileEncoding = 4; lastKnownFileType = sourcecode.c.objc; path = AFURLRequestSerialization.m; sourceTree = "<group>"; };
		10AB28941A908EE800CE545D /* AFURLResponseSerialization.h */ = {isa = PBXFileReference; fileEncoding = 4; lastKnownFileType = sourcecode.c.h; path = AFURLResponseSerialization.h; sourceTree = "<group>"; };
		10AB28951A908EE800CE545D /* AFURLResponseSerialization.m */ = {isa = PBXFileReference; fileEncoding = 4; lastKnownFileType = sourcecode.c.objc; path = AFURLResponseSerialization.m; sourceTree = "<group>"; };
		10AB28961A908EE800CE545D /* AFURLSessionManager.h */ = {isa = PBXFileReference; fileEncoding = 4; lastKnownFileType = sourcecode.c.h; path = AFURLSessionManager.h; sourceTree = "<group>"; };
		10AB28971A908EE800CE545D /* AFURLSessionManager.m */ = {isa = PBXFileReference; fileEncoding = 4; lastKnownFileType = sourcecode.c.objc; path = AFURLSessionManager.m; sourceTree = "<group>"; };
		10AB28991A908EE800CE545D /* AFNetworkActivityIndicatorManager.h */ = {isa = PBXFileReference; fileEncoding = 4; lastKnownFileType = sourcecode.c.h; path = AFNetworkActivityIndicatorManager.h; sourceTree = "<group>"; };
		10AB289A1A908EE800CE545D /* AFNetworkActivityIndicatorManager.m */ = {isa = PBXFileReference; fileEncoding = 4; lastKnownFileType = sourcecode.c.objc; path = AFNetworkActivityIndicatorManager.m; sourceTree = "<group>"; };
		10AB289B1A908EE800CE545D /* UIActivityIndicatorView+AFNetworking.h */ = {isa = PBXFileReference; fileEncoding = 4; lastKnownFileType = sourcecode.c.h; path = "UIActivityIndicatorView+AFNetworking.h"; sourceTree = "<group>"; };
		10AB289C1A908EE800CE545D /* UIActivityIndicatorView+AFNetworking.m */ = {isa = PBXFileReference; fileEncoding = 4; lastKnownFileType = sourcecode.c.objc; path = "UIActivityIndicatorView+AFNetworking.m"; sourceTree = "<group>"; };
		10AB289D1A908EE800CE545D /* UIAlertView+AFNetworking.h */ = {isa = PBXFileReference; fileEncoding = 4; lastKnownFileType = sourcecode.c.h; path = "UIAlertView+AFNetworking.h"; sourceTree = "<group>"; };
		10AB289E1A908EE800CE545D /* UIAlertView+AFNetworking.m */ = {isa = PBXFileReference; fileEncoding = 4; lastKnownFileType = sourcecode.c.objc; path = "UIAlertView+AFNetworking.m"; sourceTree = "<group>"; };
		10AB289F1A908EE800CE545D /* UIButton+AFNetworking.h */ = {isa = PBXFileReference; fileEncoding = 4; lastKnownFileType = sourcecode.c.h; path = "UIButton+AFNetworking.h"; sourceTree = "<group>"; };
		10AB28A01A908EE800CE545D /* UIButton+AFNetworking.m */ = {isa = PBXFileReference; fileEncoding = 4; lastKnownFileType = sourcecode.c.objc; path = "UIButton+AFNetworking.m"; sourceTree = "<group>"; };
		10AB28A11A908EE800CE545D /* UIImageView+AFNetworking.h */ = {isa = PBXFileReference; fileEncoding = 4; lastKnownFileType = sourcecode.c.h; path = "UIImageView+AFNetworking.h"; sourceTree = "<group>"; };
		10AB28A21A908EE800CE545D /* UIImageView+AFNetworking.m */ = {isa = PBXFileReference; fileEncoding = 4; lastKnownFileType = sourcecode.c.objc; path = "UIImageView+AFNetworking.m"; sourceTree = "<group>"; };
		10AB28A31A908EE800CE545D /* UIKit+AFNetworking.h */ = {isa = PBXFileReference; fileEncoding = 4; lastKnownFileType = sourcecode.c.h; path = "UIKit+AFNetworking.h"; sourceTree = "<group>"; };
		10AB28A41A908EE800CE545D /* UIProgressView+AFNetworking.h */ = {isa = PBXFileReference; fileEncoding = 4; lastKnownFileType = sourcecode.c.h; path = "UIProgressView+AFNetworking.h"; sourceTree = "<group>"; };
		10AB28A51A908EE800CE545D /* UIProgressView+AFNetworking.m */ = {isa = PBXFileReference; fileEncoding = 4; lastKnownFileType = sourcecode.c.objc; path = "UIProgressView+AFNetworking.m"; sourceTree = "<group>"; };
		10AB28A61A908EE800CE545D /* UIRefreshControl+AFNetworking.h */ = {isa = PBXFileReference; fileEncoding = 4; lastKnownFileType = sourcecode.c.h; path = "UIRefreshControl+AFNetworking.h"; sourceTree = "<group>"; };
		10AB28A71A908EE800CE545D /* UIRefreshControl+AFNetworking.m */ = {isa = PBXFileReference; fileEncoding = 4; lastKnownFileType = sourcecode.c.objc; path = "UIRefreshControl+AFNetworking.m"; sourceTree = "<group>"; };
		10AB28A81A908EE800CE545D /* UIWebView+AFNetworking.h */ = {isa = PBXFileReference; fileEncoding = 4; lastKnownFileType = sourcecode.c.h; path = "UIWebView+AFNetworking.h"; sourceTree = "<group>"; };
		10AB28A91A908EE800CE545D /* UIWebView+AFNetworking.m */ = {isa = PBXFileReference; fileEncoding = 4; lastKnownFileType = sourcecode.c.objc; path = "UIWebView+AFNetworking.m"; sourceTree = "<group>"; };
		10AB28BC1A908F3F00CE545D /* City.h */ = {isa = PBXFileReference; fileEncoding = 4; lastKnownFileType = sourcecode.c.h; path = City.h; sourceTree = "<group>"; };
		10AB28BD1A908F3F00CE545D /* City.m */ = {isa = PBXFileReference; fileEncoding = 4; lastKnownFileType = sourcecode.c.objc; path = City.m; sourceTree = "<group>"; };
		10AB28BE1A908F3F00CE545D /* Clouds.h */ = {isa = PBXFileReference; fileEncoding = 4; lastKnownFileType = sourcecode.c.h; path = Clouds.h; sourceTree = "<group>"; };
		10AB28BF1A908F3F00CE545D /* Clouds.m */ = {isa = PBXFileReference; fileEncoding = 4; lastKnownFileType = sourcecode.c.objc; path = Clouds.m; sourceTree = "<group>"; };
		10AB28C01A908F3F00CE545D /* Coord.h */ = {isa = PBXFileReference; fileEncoding = 4; lastKnownFileType = sourcecode.c.h; path = Coord.h; sourceTree = "<group>"; };
		10AB28C11A908F3F00CE545D /* Coord.m */ = {isa = PBXFileReference; fileEncoding = 4; lastKnownFileType = sourcecode.c.objc; path = Coord.m; sourceTree = "<group>"; };
		10AB28C21A908F3F00CE545D /* CurrentConditions.h */ = {isa = PBXFileReference; fileEncoding = 4; lastKnownFileType = sourcecode.c.h; path = CurrentConditions.h; sourceTree = "<group>"; };
		10AB28C31A908F3F00CE545D /* CurrentConditions.m */ = {isa = PBXFileReference; fileEncoding = 4; lastKnownFileType = sourcecode.c.objc; path = CurrentConditions.m; sourceTree = "<group>"; };
		10AB28C41A908F3F00CE545D /* CurrentWeatherData.h */ = {isa = PBXFileReference; fileEncoding = 4; lastKnownFileType = sourcecode.c.h; path = CurrentWeatherData.h; sourceTree = "<group>"; };
		10AB28C51A908F3F00CE545D /* CurrentWeatherData.m */ = {isa = PBXFileReference; fileEncoding = 4; lastKnownFileType = sourcecode.c.objc; path = CurrentWeatherData.m; sourceTree = "<group>"; };
		10AB28C61A908F3F00CE545D /* MainInfo.h */ = {isa = PBXFileReference; fileEncoding = 4; lastKnownFileType = sourcecode.c.h; path = MainInfo.h; sourceTree = "<group>"; };
		10AB28C71A908F3F00CE545D /* MainInfo.m */ = {isa = PBXFileReference; fileEncoding = 4; lastKnownFileType = sourcecode.c.objc; path = MainInfo.m; sourceTree = "<group>"; };
		10AB28C81A908F3F00CE545D /* Sys.h */ = {isa = PBXFileReference; fileEncoding = 4; lastKnownFileType = sourcecode.c.h; path = Sys.h; sourceTree = "<group>"; };
		10AB28C91A908F3F00CE545D /* Sys.m */ = {isa = PBXFileReference; fileEncoding = 4; lastKnownFileType = sourcecode.c.objc; path = Sys.m; sourceTree = "<group>"; };
		10AB28CA1A908F3F00CE545D /* Temp.h */ = {isa = PBXFileReference; fileEncoding = 4; lastKnownFileType = sourcecode.c.h; path = Temp.h; sourceTree = "<group>"; };
		10AB28CB1A908F3F00CE545D /* Temp.m */ = {isa = PBXFileReference; fileEncoding = 4; lastKnownFileType = sourcecode.c.objc; path = Temp.m; sourceTree = "<group>"; };
		10AB28CC1A908F3F00CE545D /* Weather.h */ = {isa = PBXFileReference; fileEncoding = 4; lastKnownFileType = sourcecode.c.h; path = Weather.h; sourceTree = "<group>"; };
		10AB28CD1A908F3F00CE545D /* Weather.m */ = {isa = PBXFileReference; fileEncoding = 4; lastKnownFileType = sourcecode.c.objc; path = Weather.m; sourceTree = "<group>"; };
		10AB28CE1A908F3F00CE545D /* WeatherInfo.h */ = {isa = PBXFileReference; fileEncoding = 4; lastKnownFileType = sourcecode.c.h; path = WeatherInfo.h; sourceTree = "<group>"; };
		10AB28CF1A908F3F00CE545D /* WeatherInfo.m */ = {isa = PBXFileReference; fileEncoding = 4; lastKnownFileType = sourcecode.c.objc; path = WeatherInfo.m; sourceTree = "<group>"; };
		10AB28D01A908F3F00CE545D /* Wind.h */ = {isa = PBXFileReference; fileEncoding = 4; lastKnownFileType = sourcecode.c.h; path = Wind.h; sourceTree = "<group>"; };
		10AB28D11A908F3F00CE545D /* Wind.m */ = {isa = PBXFileReference; fileEncoding = 4; lastKnownFileType = sourcecode.c.objc; path = Wind.m; sourceTree = "<group>"; };
		10AB28DD1A908FA400CE545D /* Networking.h */ = {isa = PBXFileReference; fileEncoding = 4; lastKnownFileType = sourcecode.c.h; path = Networking.h; sourceTree = "<group>"; };
		10AB28DE1A908FA400CE545D /* Networking.m */ = {isa = PBXFileReference; fileEncoding = 4; lastKnownFileType = sourcecode.c.objc; path = Networking.m; sourceTree = "<group>"; };
		10E1F52C1A908C3200AED5D6 /* YXMWeather.app */ = {isa = PBXFileReference; explicitFileType = wrapper.application; includeInIndex = 0; path = YXMWeather.app; sourceTree = BUILT_PRODUCTS_DIR; };
		10E1F5301A908C3200AED5D6 /* Info.plist */ = {isa = PBXFileReference; lastKnownFileType = text.plist.xml; path = Info.plist; sourceTree = "<group>"; };
		10E1F5311A908C3200AED5D6 /* main.m */ = {isa = PBXFileReference; lastKnownFileType = sourcecode.c.objc; path = main.m; sourceTree = "<group>"; };
		10E1F5331A908C3200AED5D6 /* AppDelegate.h */ = {isa = PBXFileReference; lastKnownFileType = sourcecode.c.h; path = AppDelegate.h; sourceTree = "<group>"; };
		10E1F5341A908C3200AED5D6 /* AppDelegate.m */ = {isa = PBXFileReference; lastKnownFileType = sourcecode.c.objc; path = AppDelegate.m; sourceTree = "<group>"; };
		10E1F5361A908C3200AED5D6 /* ViewController.h */ = {isa = PBXFileReference; lastKnownFileType = sourcecode.c.h; path = ViewController.h; sourceTree = "<group>"; };
		10E1F5371A908C3200AED5D6 /* ViewController.m */ = {isa = PBXFileReference; lastKnownFileType = sourcecode.c.objc; path = ViewController.m; sourceTree = "<group>"; };
		10E1F53C1A908C3200AED5D6 /* Images.xcassets */ = {isa = PBXFileReference; lastKnownFileType = folder.assetcatalog; path = Images.xcassets; sourceTree = "<group>"; };
		10E1F5451A908C3200AED5D6 /* YXMWeatherTests.xctest */ = {isa = PBXFileReference; explicitFileType = wrapper.cfbundle; includeInIndex = 0; path = YXMWeatherTests.xctest; sourceTree = BUILT_PRODUCTS_DIR; };
		10E1F54A1A908C3200AED5D6 /* Info.plist */ = {isa = PBXFileReference; lastKnownFileType = text.plist.xml; path = Info.plist; sourceTree = "<group>"; };
		10E1F54B1A908C3200AED5D6 /* YXMWeatherTests.m */ = {isa = PBXFileReference; lastKnownFileType = sourcecode.c.objc; path = YXMWeatherTests.m; sourceTree = "<group>"; };
/* End PBXFileReference section */

/* Begin PBXFrameworksBuildPhase section */
		10E1F5291A908C3200AED5D6 /* Frameworks */ = {
			isa = PBXFrameworksBuildPhase;
			buildActionMask = 2147483647;
			files = (
			);
			runOnlyForDeploymentPostprocessing = 0;
		};
		10E1F5421A908C3200AED5D6 /* Frameworks */ = {
			isa = PBXFrameworksBuildPhase;
			buildActionMask = 2147483647;
			files = (
			);
			runOnlyForDeploymentPostprocessing = 0;
		};
/* End PBXFrameworksBuildPhase section */

/* Begin PBXGroup section */
		10AB28841A908EE800CE545D /* AFNetworking */ = {
			isa = PBXGroup;
			children = (
				10AB28851A908EE800CE545D /* AFHTTPRequestOperation.h */,
				10AB28861A908EE800CE545D /* AFHTTPRequestOperation.m */,
				10AB28871A908EE800CE545D /* AFHTTPRequestOperationManager.h */,
				10AB28881A908EE800CE545D /* AFHTTPRequestOperationManager.m */,
				10AB28891A908EE800CE545D /* AFHTTPSessionManager.h */,
				10AB288A1A908EE800CE545D /* AFHTTPSessionManager.m */,
				10AB288B1A908EE800CE545D /* AFNetworking.h */,
				10AB288C1A908EE800CE545D /* AFNetworkReachabilityManager.h */,
				10AB288D1A908EE800CE545D /* AFNetworkReachabilityManager.m */,
				10AB288E1A908EE800CE545D /* AFSecurityPolicy.h */,
				10AB288F1A908EE800CE545D /* AFSecurityPolicy.m */,
				10AB28901A908EE800CE545D /* AFURLConnectionOperation.h */,
				10AB28911A908EE800CE545D /* AFURLConnectionOperation.m */,
				10AB28921A908EE800CE545D /* AFURLRequestSerialization.h */,
				10AB28931A908EE800CE545D /* AFURLRequestSerialization.m */,
				10AB28941A908EE800CE545D /* AFURLResponseSerialization.h */,
				10AB28951A908EE800CE545D /* AFURLResponseSerialization.m */,
				10AB28961A908EE800CE545D /* AFURLSessionManager.h */,
				10AB28971A908EE800CE545D /* AFURLSessionManager.m */,
			);
			path = AFNetworking;
			sourceTree = "<group>";
		};
		10AB28981A908EE800CE545D /* UIKit+AFNetworking */ = {
			isa = PBXGroup;
			children = (
				10AB28991A908EE800CE545D /* AFNetworkActivityIndicatorManager.h */,
				10AB289A1A908EE800CE545D /* AFNetworkActivityIndicatorManager.m */,
				10AB289B1A908EE800CE545D /* UIActivityIndicatorView+AFNetworking.h */,
				10AB289C1A908EE800CE545D /* UIActivityIndicatorView+AFNetworking.m */,
				10AB289D1A908EE800CE545D /* UIAlertView+AFNetworking.h */,
				10AB289E1A908EE800CE545D /* UIAlertView+AFNetworking.m */,
				10AB289F1A908EE800CE545D /* UIButton+AFNetworking.h */,
				10AB28A01A908EE800CE545D /* UIButton+AFNetworking.m */,
				10AB28A11A908EE800CE545D /* UIImageView+AFNetworking.h */,
				10AB28A21A908EE800CE545D /* UIImageView+AFNetworking.m */,
				10AB28A31A908EE800CE545D /* UIKit+AFNetworking.h */,
				10AB28A41A908EE800CE545D /* UIProgressView+AFNetworking.h */,
				10AB28A51A908EE800CE545D /* UIProgressView+AFNetworking.m */,
				10AB28A61A908EE800CE545D /* UIRefreshControl+AFNetworking.h */,
				10AB28A71A908EE800CE545D /* UIRefreshControl+AFNetworking.m */,
				10AB28A81A908EE800CE545D /* UIWebView+AFNetworking.h */,
				10AB28A91A908EE800CE545D /* UIWebView+AFNetworking.m */,
			);
			path = "UIKit+AFNetworking";
			sourceTree = "<group>";
		};
		10AB28BB1A908F3F00CE545D /* Models */ = {
			isa = PBXGroup;
			children = (
				10AB28BC1A908F3F00CE545D /* City.h */,
				10AB28BD1A908F3F00CE545D /* City.m */,
				10AB28BE1A908F3F00CE545D /* Clouds.h */,
				10AB28BF1A908F3F00CE545D /* Clouds.m */,
				10AB28C01A908F3F00CE545D /* Coord.h */,
				10AB28C11A908F3F00CE545D /* Coord.m */,
				10AB28C21A908F3F00CE545D /* CurrentConditions.h */,
				10AB28C31A908F3F00CE545D /* CurrentConditions.m */,
				10AB28C41A908F3F00CE545D /* CurrentWeatherData.h */,
				10AB28C51A908F3F00CE545D /* CurrentWeatherData.m */,
				10AB28C61A908F3F00CE545D /* MainInfo.h */,
				10AB28C71A908F3F00CE545D /* MainInfo.m */,
				10AB28C81A908F3F00CE545D /* Sys.h */,
				10AB28C91A908F3F00CE545D /* Sys.m */,
				10AB28CA1A908F3F00CE545D /* Temp.h */,
				10AB28CB1A908F3F00CE545D /* Temp.m */,
				10AB28CC1A908F3F00CE545D /* Weather.h */,
				10AB28CD1A908F3F00CE545D /* Weather.m */,
				10AB28CE1A908F3F00CE545D /* WeatherInfo.h */,
				10AB28CF1A908F3F00CE545D /* WeatherInfo.m */,
				10AB28D01A908F3F00CE545D /* Wind.h */,
				10AB28D11A908F3F00CE545D /* Wind.m */,
			);
			path = Models;
			sourceTree = "<group>";
		};
		10E1F5231A908C3200AED5D6 = {
			isa = PBXGroup;
			children = (
				10E1F52E1A908C3200AED5D6 /* YXMWeather */,
				10E1F5481A908C3200AED5D6 /* YXMWeatherTests */,
				10E1F52D1A908C3200AED5D6 /* Products */,
			);
			sourceTree = "<group>";
		};
		10E1F52D1A908C3200AED5D6 /* Products */ = {
			isa = PBXGroup;
			children = (
				10E1F52C1A908C3200AED5D6 /* YXMWeather.app */,
				10E1F5451A908C3200AED5D6 /* YXMWeatherTests.xctest */,
			);
			name = Products;
			sourceTree = "<group>";
		};
		10E1F52E1A908C3200AED5D6 /* YXMWeather */ = {
			isa = PBXGroup;
			children = (
				10E1F5331A908C3200AED5D6 /* AppDelegate.h */,
				10E1F5341A908C3200AED5D6 /* AppDelegate.m */,
				10E1F5361A908C3200AED5D6 /* ViewController.h */,
				10E1F5371A908C3200AED5D6 /* ViewController.m */,
				10AB28BB1A908F3F00CE545D /* Models */,
				10AB28831A908ECC00CE545D /* AFNetworking.pch */,
				10AB28DD1A908FA400CE545D /* Networking.h */,
				10AB28DE1A908FA400CE545D /* Networking.m */,
				10AB28841A908EE800CE545D /* AFNetworking */,
				10AB28981A908EE800CE545D /* UIKit+AFNetworking */,
				10E1F53C1A908C3200AED5D6 /* Images.xcassets */,
				10E1F52F1A908C3200AED5D6 /* Supporting Files */,
			);
			path = YXMWeather;
			sourceTree = "<group>";
		};
		10E1F52F1A908C3200AED5D6 /* Supporting Files */ = {
			isa = PBXGroup;
			children = (
				10E1F5301A908C3200AED5D6 /* Info.plist */,
				10E1F5311A908C3200AED5D6 /* main.m */,
			);
			name = "Supporting Files";
			sourceTree = "<group>";
		};
		10E1F5481A908C3200AED5D6 /* YXMWeatherTests */ = {
			isa = PBXGroup;
			children = (
				10E1F54B1A908C3200AED5D6 /* YXMWeatherTests.m */,
				10E1F5491A908C3200AED5D6 /* Supporting Files */,
			);
			path = YXMWeatherTests;
			sourceTree = "<group>";
		};
		10E1F5491A908C3200AED5D6 /* Supporting Files */ = {
			isa = PBXGroup;
			children = (
				10E1F54A1A908C3200AED5D6 /* Info.plist */,
			);
			name = "Supporting Files";
			sourceTree = "<group>";
		};
/* End PBXGroup section */

/* Begin PBXNativeTarget section */
		10E1F52B1A908C3200AED5D6 /* YXMWeather */ = {
			isa = PBXNativeTarget;
			buildConfigurationList = 10E1F54F1A908C3200AED5D6 /* Build configuration list for PBXNativeTarget "YXMWeather" */;
			buildPhases = (
				10E1F5281A908C3200AED5D6 /* Sources */,
				10E1F5291A908C3200AED5D6 /* Frameworks */,
				10E1F52A1A908C3200AED5D6 /* Resources */,
			);
			buildRules = (
			);
			dependencies = (
			);
			name = YXMWeather;
			productName = YXMWeather;
			productReference = 10E1F52C1A908C3200AED5D6 /* YXMWeather.app */;
			productType = "com.apple.product-type.application";
		};
		10E1F5441A908C3200AED5D6 /* YXMWeatherTests */ = {
			isa = PBXNativeTarget;
			buildConfigurationList = 10E1F5521A908C3200AED5D6 /* Build configuration list for PBXNativeTarget "YXMWeatherTests" */;
			buildPhases = (
				10E1F5411A908C3200AED5D6 /* Sources */,
				10E1F5421A908C3200AED5D6 /* Frameworks */,
				10E1F5431A908C3200AED5D6 /* Resources */,
			);
			buildRules = (
			);
			dependencies = (
				10E1F5471A908C3200AED5D6 /* PBXTargetDependency */,
			);
			name = YXMWeatherTests;
			productName = YXMWeatherTests;
			productReference = 10E1F5451A908C3200AED5D6 /* YXMWeatherTests.xctest */;
			productType = "com.apple.product-type.bundle.unit-test";
		};
/* End PBXNativeTarget section */

/* Begin PBXProject section */
		10E1F5241A908C3200AED5D6 /* Project object */ = {
			isa = PBXProject;
			attributes = {
				LastUpgradeCheck = 0610;
				ORGANIZATIONNAME = XianMingYou;
				TargetAttributes = {
					10E1F52B1A908C3200AED5D6 = {
						CreatedOnToolsVersion = 6.1.1;
						DevelopmentTeam = 96SZNQ256W;
					};
					10E1F5441A908C3200AED5D6 = {
						CreatedOnToolsVersion = 6.1.1;
						TestTargetID = 10E1F52B1A908C3200AED5D6;
					};
				};
			};
			buildConfigurationList = 10E1F5271A908C3200AED5D6 /* Build configuration list for PBXProject "YXMWeather" */;
			compatibilityVersion = "Xcode 3.2";
			developmentRegion = English;
			hasScannedForEncodings = 0;
			knownRegions = (
				en,
				Base,
			);
			mainGroup = 10E1F5231A908C3200AED5D6;
			productRefGroup = 10E1F52D1A908C3200AED5D6 /* Products */;
			projectDirPath = "";
			projectRoot = "";
			targets = (
				10E1F52B1A908C3200AED5D6 /* YXMWeather */,
				10E1F5441A908C3200AED5D6 /* YXMWeatherTests */,
			);
		};
/* End PBXProject section */

/* Begin PBXResourcesBuildPhase section */
		10E1F52A1A908C3200AED5D6 /* Resources */ = {
			isa = PBXResourcesBuildPhase;
			buildActionMask = 2147483647;
			files = (
				10E1F53D1A908C3200AED5D6 /* Images.xcassets in Resources */,
			);
			runOnlyForDeploymentPostprocessing = 0;
		};
		10E1F5431A908C3200AED5D6 /* Resources */ = {
			isa = PBXResourcesBuildPhase;
			buildActionMask = 2147483647;
			files = (
			);
			runOnlyForDeploymentPostprocessing = 0;
		};
/* End PBXResourcesBuildPhase section */

/* Begin PBXSourcesBuildPhase section */
		10E1F5281A908C3200AED5D6 /* Sources */ = {
			isa = PBXSourcesBuildPhase;
			buildActionMask = 2147483647;
			files = (
				10AB28AA1A908EE800CE545D /* AFHTTPRequestOperation.m in Sources */,
				10AB28DC1A908F3F00CE545D /* Wind.m in Sources */,
				10AB28B71A908EE800CE545D /* UIImageView+AFNetworking.m in Sources */,
				10AB28D41A908F3F00CE545D /* Coord.m in Sources */,
				10AB28D81A908F3F00CE545D /* Sys.m in Sources */,
				10E1F5381A908C3200AED5D6 /* ViewController.m in Sources */,
				10AB28D71A908F3F00CE545D /* MainInfo.m in Sources */,
				10AB28AB1A908EE800CE545D /* AFHTTPRequestOperationManager.m in Sources */,
				10AB28B81A908EE800CE545D /* UIProgressView+AFNetworking.m in Sources */,
				10AB28D61A908F3F00CE545D /* CurrentWeatherData.m in Sources */,
				10AB28D21A908F3F00CE545D /* City.m in Sources */,
				10AB28AD1A908EE800CE545D /* AFNetworkReachabilityManager.m in Sources */,
				10AB28B11A908EE800CE545D /* AFURLResponseSerialization.m in Sources */,
				10AB28AF1A908EE800CE545D /* AFURLConnectionOperation.m in Sources */,
				10AB28B61A908EE800CE545D /* UIButton+AFNetworking.m in Sources */,
				10AB28DF1A908FA400CE545D /* Networking.m in Sources */,
				10AB28B41A908EE800CE545D /* UIActivityIndicatorView+AFNetworking.m in Sources */,
				10AB28AE1A908EE800CE545D /* AFSecurityPolicy.m in Sources */,
				10AB28DB1A908F3F00CE545D /* WeatherInfo.m in Sources */,
				10AB28B91A908EE800CE545D /* UIRefreshControl+AFNetworking.m in Sources */,
				10AB28BA1A908EE800CE545D /* UIWebView+AFNetworking.m in Sources */,
				10AB28AC1A908EE800CE545D /* AFHTTPSessionManager.m in Sources */,
				10AB28D91A908F3F00CE545D /* Temp.m in Sources */,
				10AB28B51A908EE800CE545D /* UIAlertView+AFNetworking.m in Sources */,
				10AB28B01A908EE800CE545D /* AFURLRequestSerialization.m in Sources */,
				10AB28B31A908EE800CE545D /* AFNetworkActivityIndicatorManager.m in Sources */,
				10AB28DA1A908F3F00CE545D /* Weather.m in Sources */,
				10AB28D51A908F3F00CE545D /* CurrentConditions.m in Sources */,
				10AB28B21A908EE800CE545D /* AFURLSessionManager.m in Sources */,
				10AB28D31A908F3F00CE545D /* Clouds.m in Sources */,
				10E1F5351A908C3200AED5D6 /* AppDelegate.m in Sources */,
				10E1F5321A908C3200AED5D6 /* main.m in Sources */,
			);
			runOnlyForDeploymentPostprocessing = 0;
		};
		10E1F5411A908C3200AED5D6 /* Sources */ = {
			isa = PBXSourcesBuildPhase;
			buildActionMask = 2147483647;
			files = (
				10E1F54C1A908C3200AED5D6 /* YXMWeatherTests.m in Sources */,
			);
			runOnlyForDeploymentPostprocessing = 0;
		};
/* End PBXSourcesBuildPhase section */

/* Begin PBXTargetDependency section */
		10E1F5471A908C3200AED5D6 /* PBXTargetDependency */ = {
			isa = PBXTargetDependency;
			target = 10E1F52B1A908C3200AED5D6 /* YXMWeather */;
			targetProxy = 10E1F5461A908C3200AED5D6 /* PBXContainerItemProxy */;
		};
/* End PBXTargetDependency section */

/* Begin XCBuildConfiguration section */
		10E1F54D1A908C3200AED5D6 /* Debug */ = {
			isa = XCBuildConfiguration;
			buildSettings = {
				ALWAYS_SEARCH_USER_PATHS = NO;
				CLANG_CXX_LANGUAGE_STANDARD = "gnu++0x";
				CLANG_CXX_LIBRARY = "libc++";
				CLANG_ENABLE_MODULES = YES;
				CLANG_ENABLE_OBJC_ARC = YES;
				CLANG_WARN_BOOL_CONVERSION = YES;
				CLANG_WARN_CONSTANT_CONVERSION = YES;
				CLANG_WARN_DIRECT_OBJC_ISA_USAGE = YES_ERROR;
				CLANG_WARN_EMPTY_BODY = YES;
				CLANG_WARN_ENUM_CONVERSION = YES;
				CLANG_WARN_INT_CONVERSION = YES;
				CLANG_WARN_OBJC_ROOT_CLASS = YES_ERROR;
				CLANG_WARN_UNREACHABLE_CODE = YES;
				CLANG_WARN__DUPLICATE_METHOD_MATCH = YES;
				"CODE_SIGN_IDENTITY[sdk=iphoneos*]" = "iPhone Developer";
				COPY_PHASE_STRIP = NO;
				ENABLE_STRICT_OBJC_MSGSEND = YES;
				GCC_C_LANGUAGE_STANDARD = gnu99;
				GCC_DYNAMIC_NO_PIC = NO;
				GCC_OPTIMIZATION_LEVEL = 0;
				GCC_PREPROCESSOR_DEFINITIONS = (
					"DEBUG=1",
					"$(inherited)",
				);
				GCC_SYMBOLS_PRIVATE_EXTERN = NO;
				GCC_WARN_64_TO_32_BIT_CONVERSION = YES;
				GCC_WARN_ABOUT_RETURN_TYPE = YES_ERROR;
				GCC_WARN_UNDECLARED_SELECTOR = YES;
				GCC_WARN_UNINITIALIZED_AUTOS = YES_AGGRESSIVE;
				GCC_WARN_UNUSED_FUNCTION = YES;
				GCC_WARN_UNUSED_VARIABLE = YES;
				IPHONEOS_DEPLOYMENT_TARGET = 8.1;
				MTL_ENABLE_DEBUG_INFO = YES;
				ONLY_ACTIVE_ARCH = YES;
				SDKROOT = iphoneos;
			};
			name = Debug;
		};
		10E1F54E1A908C3200AED5D6 /* Release */ = {
			isa = XCBuildConfiguration;
			buildSettings = {
				ALWAYS_SEARCH_USER_PATHS = NO;
				CLANG_CXX_LANGUAGE_STANDARD = "gnu++0x";
				CLANG_CXX_LIBRARY = "libc++";
				CLANG_ENABLE_MODULES = YES;
				CLANG_ENABLE_OBJC_ARC = YES;
				CLANG_WARN_BOOL_CONVERSION = YES;
				CLANG_WARN_CONSTANT_CONVERSION = YES;
				CLANG_WARN_DIRECT_OBJC_ISA_USAGE = YES_ERROR;
				CLANG_WARN_EMPTY_BODY = YES;
				CLANG_WARN_ENUM_CONVERSION = YES;
				CLANG_WARN_INT_CONVERSION = YES;
				CLANG_WARN_OBJC_ROOT_CLASS = YES_ERROR;
				CLANG_WARN_UNREACHABLE_CODE = YES;
				CLANG_WARN__DUPLICATE_METHOD_MATCH = YES;
				"CODE_SIGN_IDENTITY[sdk=iphoneos*]" = "iPhone Developer";
				COPY_PHASE_STRIP = YES;
				ENABLE_NS_ASSERTIONS = NO;
				ENABLE_STRICT_OBJC_MSGSEND = YES;
				GCC_C_LANGUAGE_STANDARD = gnu99;
				GCC_WARN_64_TO_32_BIT_CONVERSION = YES;
				GCC_WARN_ABOUT_RETURN_TYPE = YES_ERROR;
				GCC_WARN_UNDECLARED_SELECTOR = YES;
				GCC_WARN_UNINITIALIZED_AUTOS = YES_AGGRESSIVE;
				GCC_WARN_UNUSED_FUNCTION = YES;
				GCC_WARN_UNUSED_VARIABLE = YES;
				IPHONEOS_DEPLOYMENT_TARGET = 8.1;
				MTL_ENABLE_DEBUG_INFO = NO;
				SDKROOT = iphoneos;
				VALIDATE_PRODUCT = YES;
			};
			name = Release;
		};
		10E1F5501A908C3200AED5D6 /* Debug */ = {
			isa = XCBuildConfiguration;
			buildSettings = {
				ASSETCATALOG_COMPILER_APPICON_NAME = AppIcon;
				CODE_SIGN_IDENTITY = "iPhone Developer";
				GCC_PREFIX_HEADER = "$(SRCROOT)/$(PROJECT_NAME)/AFNetworking.pch";
				INFOPLIST_FILE = YXMWeather/Info.plist;
				LD_RUNPATH_SEARCH_PATHS = "$(inherited) @executable_path/Frameworks";
				PRODUCT_NAME = "$(TARGET_NAME)";
			};
			name = Debug;
		};
		10E1F5511A908C3200AED5D6 /* Release */ = {
			isa = XCBuildConfiguration;
			buildSettings = {
				ASSETCATALOG_COMPILER_APPICON_NAME = AppIcon;
				CODE_SIGN_IDENTITY = "iPhone Developer";
				GCC_PREFIX_HEADER = "$(SRCROOT)/$(PROJECT_NAME)/AFNetworking.pch";
				INFOPLIST_FILE = YXMWeather/Info.plist;
				LD_RUNPATH_SEARCH_PATHS = "$(inherited) @executable_path/Frameworks";
				PRODUCT_NAME = "$(TARGET_NAME)";
			};
			name = Release;
		};
		10E1F5531A908C3200AED5D6 /* Debug */ = {
			isa = XCBuildConfiguration;
			buildSettings = {
				BUNDLE_LOADER = "$(TEST_HOST)";
				FRAMEWORK_SEARCH_PATHS = (
					"$(SDKROOT)/Developer/Library/Frameworks",
					"$(inherited)",
				);
				GCC_PREPROCESSOR_DEFINITIONS = (
					"DEBUG=1",
					"$(inherited)",
				);
				INFOPLIST_FILE = YXMWeatherTests/Info.plist;
				LD_RUNPATH_SEARCH_PATHS = "$(inherited) @executable_path/Frameworks @loader_path/Frameworks";
				PRODUCT_NAME = "$(TARGET_NAME)";
				TEST_HOST = "$(BUILT_PRODUCTS_DIR)/YXMWeather.app/YXMWeather";
			};
			name = Debug;
		};
		10E1F5541A908C3200AED5D6 /* Release */ = {
			isa = XCBuildConfiguration;
			buildSettings = {
				BUNDLE_LOADER = "$(TEST_HOST)";
				FRAMEWORK_SEARCH_PATHS = (
					"$(SDKROOT)/Developer/Library/Frameworks",
					"$(inherited)",
				);
				INFOPLIST_FILE = YXMWeatherTests/Info.plist;
				LD_RUNPATH_SEARCH_PATHS = "$(inherited) @executable_path/Frameworks @loader_path/Frameworks";
				PRODUCT_NAME = "$(TARGET_NAME)";
				TEST_HOST = "$(BUILT_PRODUCTS_DIR)/YXMWeather.app/YXMWeather";
			};
			name = Release;
		};
/* End XCBuildConfiguration section */

/* Begin XCConfigurationList section */
		10E1F5271A908C3200AED5D6 /* Build configuration list for PBXProject "YXMWeather" */ = {
			isa = XCConfigurationList;
			buildConfigurations = (
				10E1F54D1A908C3200AED5D6 /* Debug */,
				10E1F54E1A908C3200AED5D6 /* Release */,
			);
			defaultConfigurationIsVisible = 0;
			defaultConfigurationName = Release;
		};
		10E1F54F1A908C3200AED5D6 /* Build configuration list for PBXNativeTarget "YXMWeather" */ = {
			isa = XCConfigurationList;
			buildConfigurations = (
				10E1F5501A908C3200AED5D6 /* Debug */,
				10E1F5511A908C3200AED5D6 /* Release */,
			);
			defaultConfigurationIsVisible = 0;
			defaultConfigurationName = Release;
		};
		10E1F5521A908C3200AED5D6 /* Build configuration list for PBXNativeTarget "YXMWeatherTests" */ = {
			isa = XCConfigurationList;
			buildConfigurations = (
				10E1F5531A908C3200AED5D6 /* Debug */,
				10E1F5541A908C3200AED5D6 /* Release */,
			);
			defaultConfigurationIsVisible = 0;
			defaultConfigurationName = Release;
		};
/* End XCConfigurationList section */
	};
	rootObject = 10E1F5241A908C3200AED5D6 /* Project object */;
}
